// !$*UTF8*$!
{
	archiveVersion = 1;
	classes = {
	};
	objectVersion = 50;
	objects = {

/* Begin PBXBuildFile section */
		B9A61A5421B09C6000100CFC /* AppDelegate.swift in Sources */ = {isa = PBXBuildFile; fileRef = B9A61A5321B09C6000100CFC /* AppDelegate.swift */; };
		B9A61A5621B09C6000100CFC /* ViewController.swift in Sources */ = {isa = PBXBuildFile; fileRef = B9A61A5521B09C6000100CFC /* ViewController.swift */; };
		B9A61A5921B09C6000100CFC /* Main.storyboard in Resources */ = {isa = PBXBuildFile; fileRef = B9A61A5721B09C6000100CFC /* Main.storyboard */; };
		B9A61A5B21B09C6300100CFC /* Assets.xcassets in Resources */ = {isa = PBXBuildFile; fileRef = B9A61A5A21B09C6300100CFC /* Assets.xcassets */; };
		B9A61A5E21B09C6300100CFC /* LaunchScreen.storyboard in Resources */ = {isa = PBXBuildFile; fileRef = B9A61A5C21B09C6300100CFC /* LaunchScreen.storyboard */; };
		B9A61A6621B09FB500100CFC /* Inceptionv3.mlmodel in Sources */ = {isa = PBXBuildFile; fileRef = B9A61A6521B09FB500100CFC /* Inceptionv3.mlmodel */; };
/* End PBXBuildFile section */

/* Begin PBXFileReference section */
		B9A61A5021B09C6000100CFC /* Not HotDog.app */ = {isa = PBXFileReference; explicitFileType = wrapper.application; includeInIndex = 0; path = "Not HotDog.app"; sourceTree = BUILT_PRODUCTS_DIR; };
		B9A61A5321B09C6000100CFC /* AppDelegate.swift */ = {isa = PBXFileReference; lastKnownFileType = sourcecode.swift; path = AppDelegate.swift; sourceTree = "<group>"; };
		B9A61A5521B09C6000100CFC /* ViewController.swift */ = {isa = PBXFileReference; lastKnownFileType = sourcecode.swift; path = ViewController.swift; sourceTree = "<group>"; };
		B9A61A5821B09C6000100CFC /* Base */ = {isa = PBXFileReference; lastKnownFileType = file.storyboard; name = Base; path = Base.lproj/Main.storyboard; sourceTree = "<group>"; };
		B9A61A5A21B09C6300100CFC /* Assets.xcassets */ = {isa = PBXFileReference; lastKnownFileType = folder.assetcatalog; path = Assets.xcassets; sourceTree = "<group>"; };
		B9A61A5D21B09C6300100CFC /* Base */ = {isa = PBXFileReference; lastKnownFileType = file.storyboard; name = Base; path = Base.lproj/LaunchScreen.storyboard; sourceTree = "<group>"; };
		B9A61A5F21B09C6300100CFC /* Info.plist */ = {isa = PBXFileReference; lastKnownFileType = text.plist.xml; path = Info.plist; sourceTree = "<group>"; };
		B9A61A6521B09FB500100CFC /* Inceptionv3.mlmodel */ = {isa = PBXFileReference; lastKnownFileType = file.mlmodel; path = Inceptionv3.mlmodel; sourceTree = "<group>"; };
/* End PBXFileReference section */

/* Begin PBXFrameworksBuildPhase section */
		B9A61A4D21B09C6000100CFC /* Frameworks */ = {
			isa = PBXFrameworksBuildPhase;
			buildActionMask = 2147483647;
			files = (
			);
			runOnlyForDeploymentPostprocessing = 0;
		};
/* End PBXFrameworksBuildPhase section */

/* Begin PBXGroup section */
		B9A61A4721B09C6000100CFC = {
			isa = PBXGroup;
			children = (
				B9A61A5221B09C6000100CFC /* Not HotDog */,
				B9A61A5121B09C6000100CFC /* Products */,
			);
			sourceTree = "<group>";
		};
		B9A61A5121B09C6000100CFC /* Products */ = {
			isa = PBXGroup;
			children = (
				B9A61A5021B09C6000100CFC /* Not HotDog.app */,
			);
			name = Products;
			sourceTree = "<group>";
		};
		B9A61A5221B09C6000100CFC /* Not HotDog */ = {
			isa = PBXGroup;
			children = (
				B9A61A5321B09C6000100CFC /* AppDelegate.swift */,
				B9A61A5521B09C6000100CFC /* ViewController.swift */,
				B9A61A5721B09C6000100CFC /* Main.storyboard */,
				B9A61A5A21B09C6300100CFC /* Assets.xcassets */,
				B9A61A5C21B09C6300100CFC /* LaunchScreen.storyboard */,
				B9A61A5F21B09C6300100CFC /* Info.plist */,
				B9A61A6521B09FB500100CFC /* Inceptionv3.mlmodel */,
			);
			path = "Not HotDog";
			sourceTree = "<group>";
		};
/* End PBXGroup section */

/* Begin PBXNativeTarget section */
		B9A61A4F21B09C6000100CFC /* Not HotDog */ = {
			isa = PBXNativeTarget;
			buildConfigurationList = B9A61A6221B09C6300100CFC /* Build configuration list for PBXNativeTarget "Not HotDog" */;
			buildPhases = (
				B9A61A4C21B09C6000100CFC /* Sources */,
				B9A61A4D21B09C6000100CFC /* Frameworks */,
				B9A61A4E21B09C6000100CFC /* Resources */,
			);
			buildRules = (
			);
			dependencies = (
			);
			name = "Not HotDog";
			productName = "Not HotDog";
			productReference = B9A61A5021B09C6000100CFC /* Not HotDog.app */;
			productType = "com.apple.product-type.application";
		};
/* End PBXNativeTarget section */

/* Begin PBXProject section */
		B9A61A4821B09C6000100CFC /* Project object */ = {
			isa = PBXProject;
			attributes = {
				LastSwiftUpdateCheck = 1000;
				LastUpgradeCheck = 1000;
				ORGANIZATIONNAME = toumalmojumder;
				TargetAttributes = {
					B9A61A4F21B09C6000100CFC = {
						CreatedOnToolsVersion = 10.0;
					};
				};
			};
			buildConfigurationList = B9A61A4B21B09C6000100CFC /* Build configuration list for PBXProject "Not HotDog" */;
			compatibilityVersion = "Xcode 9.3";
			developmentRegion = en;
			hasScannedForEncodings = 0;
			knownRegions = (
				en,
				Base,
			);
			mainGroup = B9A61A4721B09C6000100CFC;
			productRefGroup = B9A61A5121B09C6000100CFC /* Products */;
			projectDirPath = "";
			projectRoot = "";
			targets = (
				B9A61A4F21B09C6000100CFC /* Not HotDog */,
			);
		};
/* End PBXProject section */

/* Begin PBXResourcesBuildPhase section */
		B9A61A4E21B09C6000100CFC /* Resources */ = {
			isa = PBXResourcesBuildPhase;
			buildActionMask = 2147483647;
			files = (
				B9A61A5E21B09C6300100CFC /* LaunchScreen.storyboard in Resources */,
				B9A61A5B21B09C6300100CFC /* Assets.xcassets in Resources */,
				B9A61A5921B09C6000100CFC /* Main.storyboard in Resources */,
			);
			runOnlyForDeploymentPostprocessing = 0;
		};
/* End PBXResourcesBuildPhase section */

/* Begin PBXSourcesBuildPhase section */
		B9A61A4C21B09C6000100CFC /* Sources */ = {
			isa = PBXSourcesBuildPhase;
			buildActionMask = 2147483647;
			files = (
				B9A61A5621B09C6000100CFC /* ViewController.swift in Sources */,
				B9A61A6621B09FB500100CFC /* Inceptionv3.mlmodel in Sources */,
				B9A61A5421B09C6000100CFC /* AppDelegate.swift in Sources */,
			);
			runOnlyForDeploymentPostprocessing = 0;
		};
/* End PBXSourcesBuildPhase section */

/* Begin PBXVariantGroup section */
		B9A61A5721B09C6000100CFC /* Main.storyboard */ = {
			isa = PBXVariantGroup;
			children = (
				B9A61A5821B09C6000100CFC /* Base */,
			);
			name = Main.storyboard;
			sourceTree = "<group>";
		};
		B9A61A5C21B09C6300100CFC /* LaunchScreen.storyboard */ = {
			isa = PBXVariantGroup;
			children = (
				B9A61A5D21B09C6300100CFC /* Base */,
			);
			name = LaunchScreen.storyboard;
			sourceTree = "<group>";
		};
/* End PBXVariantGroup section */

/* Begin XCBuildConfiguration section */
		B9A61A6021B09C6300100CFC /* Debug */ = {
			isa = XCBuildConfiguration;
			buildSettings = {
				ALWAYS_SEARCH_USER_PATHS = NO;
				CLANG_ANALYZER_NONNULL = YES;
				CLANG_ANALYZER_NUMBER_OBJECT_CONVERSION = YES_AGGRESSIVE;
				CLANG_CXX_LANGUAGE_STANDARD = "gnu++14";
				CLANG_CXX_LIBRARY = "libc++";
				CLANG_ENABLE_MODULES = YES;
				CLANG_ENABLE_OBJC_ARC = YES;
				CLANG_ENABLE_OBJC_WEAK = YES;
				CLANG_WARN_BLOCK_CAPTURE_AUTORELEASING = YES;
				CLANG_WARN_BOOL_CONVERSION = YES;
				CLANG_WARN_COMMA = YES;
				CLANG_WARN_CONSTANT_CONVERSION = YES;
				CLANG_WARN_DEPRECATED_OBJC_IMPLEMENTATIONS = YES;
				CLANG_WARN_DIRECT_OBJC_ISA_USAGE = YES_ERROR;
				CLANG_WARN_DOCUMENTATION_COMMENTS = YES;
				CLANG_WARN_EMPTY_BODY = YES;
				CLANG_WARN_ENUM_CONVERSION = YES;
				CLANG_WARN_INFINITE_RECURSION = YES;
				CLANG_WARN_INT_CONVERSION = YES;
				CLANG_WARN_NON_LITERAL_NULL_CONVERSION = YES;
				CLANG_WARN_OBJC_IMPLICIT_RETAIN_SELF = YES;
				CLANG_WARN_OBJC_LITERAL_CONVERSION = YES;
				CLANG_WARN_OBJC_ROOT_CLASS = YES_ERROR;
				CLANG_WARN_RANGE_LOOP_ANALYSIS = YES;
				CLANG_WARN_STRICT_PROTOTYPES = YES;
				CLANG_WARN_SUSPICIOUS_MOVE = YES;
				CLANG_WARN_UNGUARDED_AVAILABILITY = YES_AGGRESSIVE;
				CLANG_WARN_UNREACHABLE_CODE = YES;
				CLANG_WARN__DUPLICATE_METHOD_MATCH = YES;
				CODE_SIGN_IDENTITY = "iPhone Developer";
				COPY_PHASE_STRIP = NO;
				DEBUG_INFORMATION_FORMAT = dwarf;
				ENABLE_STRICT_OBJC_MSGSEND = YES;
				ENABLE_TESTABILITY = YES;
				GCC_C_LANGUAGE_STANDARD = gnu11;
				GCC_DYNAMIC_NO_PIC = NO;
				GCC_NO_COMMON_BLOCKS = YES;
				GCC_OPTIMIZATION_LEVEL = 0;
				GCC_PREPROCESSOR_DEFINITIONS = (
					"DEBUG=1",
					"$(inherited)",
				);
				GCC_WARN_64_TO_32_BIT_CONVERSION = YES;
				GCC_WARN_ABOUT_RETURN_TYPE = YES_ERROR;
				GCC_WARN_UNDECLARED_SELECTOR = YES;
				GCC_WARN_UNINITIALIZED_AUTOS = YES_AGGRESSIVE;
				GCC_WARN_UNUSED_FUNCTION = YES;
				GCC_WARN_UNUSED_VARIABLE = YES;
				IPHONEOS_DEPLOYMENT_TARGET = 12.0;
				MTL_ENABLE_DEBUG_INFO = INCLUDE_SOURCE;
				MTL_FAST_MATH = YES;
				ONLY_ACTIVE_ARCH = YES;
				SDKROOT = iphoneos;
				SWIFT_ACTIVE_COMPILATION_CONDITIONS = DEBUG;
				SWIFT_OPTIMIZATION_LEVEL = "-Onone";
			};
			name = Debug;
		};
		B9A61A6121B09C6300100CFC /* Release */ = {
			isa = XCBuildConfiguration;
			buildSettings = {
				ALWAYS_SEARCH_USER_PATHS = NO;
				CLANG_ANALYZER_NONNULL = YES;
				CLANG_ANALYZER_NUMBER_OBJECT_CONVERSION = YES_AGGRESSIVE;
				CLANG_CXX_LANGUAGE_STANDARD = "gnu++14";
				CLANG_CXX_LIBRARY = "libc++";
				CLANG_ENABLE_MODULES = YES;
				CLANG_ENABLE_OBJC_ARC = YES;
				CLANG_ENABLE_OBJC_WEAK = YES;
				CLANG_WARN_BLOCK_CAPTURE_AUTORELEASING = YES;
				CLANG_WARN_BOOL_CONVERSION = YES;
				CLANG_WARN_COMMA = YES;
				CLANG_WARN_CONSTANT_CONVERSION = YES;
				CLANG_WARN_DEPRECATED_OBJC_IMPLEMENTATIONS = YES;
				CLANG_WARN_DIRECT_OBJC_ISA_USAGE = YES_ERROR;
				CLANG_WARN_DOCUMENTATION_COMMENTS = YES;
				CLANG_WARN_EMPTY_BODY = YES;
				CLANG_WARN_ENUM_CONVERSION = YES;
				CLANG_WARN_INFINITE_RECURSION = YES;
				CLANG_WARN_INT_CONVERSION = YES;
				CLANG_WARN_NON_LITERAL_NULL_CONVERSION = YES;
				CLANG_WARN_OBJC_IMPLICIT_RETAIN_SELF = YES;
				CLANG_WARN_OBJC_LITERAL_CONVERSION = YES;
				CLANG_WARN_OBJC_ROOT_CLASS = YES_ERROR;
				CLANG_WARN_RANGE_LOOP_ANALYSIS = YES;
				CLANG_WARN_STRICT_PROTOTYPES = YES;
				CLANG_WARN_SUSPICIOUS_MOVE = YES;
				CLANG_WARN_UNGUARDED_AVAILABILITY = YES_AGGRESSIVE;
				CLANG_WARN_UNREACHABLE_CODE = YES;
				CLANG_WARN__DUPLICATE_METHOD_MATCH = YES;
				CODE_SIGN_IDENTITY = "iPhone Developer";
				COPY_PHASE_STRIP = NO;
				DEBUG_INFORMATION_FORMAT = "dwarf-with-dsym";
				ENABLE_NS_ASSERTIONS = NO;
				ENABLE_STRICT_OBJC_MSGSEND = YES;
				GCC_C_LANGUAGE_STANDARD = gnu11;
				GCC_NO_COMMON_BLOCKS = YES;
				GCC_WARN_64_TO_32_BIT_CONVERSION = YES;
				GCC_WARN_ABOUT_RETURN_TYPE = YES_ERROR;
				GCC_WARN_UNDECLARED_SELECTOR = YES;
				GCC_WARN_UNINITIALIZED_AUTOS = YES_AGGRESSIVE;
				GCC_WARN_UNUSED_FUNCTION = YES;
				GCC_WARN_UNUSED_VARIABLE = YES;
				IPHONEOS_DEPLOYMENT_TARGET = 12.0;
				MTL_ENABLE_DEBUG_INFO = NO;
				MTL_FAST_MATH = YES;
				SDKROOT = iphoneos;
				SWIFT_COMPILATION_MODE = wholemodule;
				SWIFT_OPTIMIZATION_LEVEL = "-O";
				VALIDATE_PRODUCT = YES;
			};
			name = Release;
		};
		B9A61A6321B09C6300100CFC /* Debug */ = {
			isa = XCBuildConfiguration;
			buildSettings = {
				ASSETCATALOG_COMPILER_APPICON_NAME = AppIcon;
				CODE_SIGN_STYLE = Automatic;
				INFOPLIST_FILE = "Not HotDog/Info.plist";
				LD_RUNPATH_SEARCH_PATHS = (
					"$(inherited)",
					"@executable_path/Frameworks",
				);
				PRODUCT_BUNDLE_IDENTIFIER = "com.toumalmojumder.ceo.Not-HotDog";
				PRODUCT_NAME = "$(TARGET_NAME)";
				SWIFT_VERSION = 4.2;
				TARGETED_DEVICE_FAMILY = "1,2";
			};
			name = Debug;
		};
		B9A61A6421B09C6300100CFC /* Release */ = {
			isa = XCBuildConfiguration;
			buildSettings = {
				ASSETCATALOG_COMPILER_APPICON_NAME = AppIcon;
				CODE_SIGN_STYLE = Automatic;
				INFOPLIST_FILE = "Not HotDog/Info.plist";
				LD_RUNPATH_SEARCH_PATHS = (
					"$(inherited)",
					"@executable_path/Frameworks",
				);
				PRODUCT_BUNDLE_IDENTIFIER = "com.toumalmojumder.ceo.Not-HotDog";
				PRODUCT_NAME = "$(TARGET_NAME)";
				SWIFT_VERSION = 4.2;
				TARGETED_DEVICE_FAMILY = "1,2";
			};
			name = Release;
		};
/* End XCBuildConfiguration section */

/* Begin XCConfigurationList section */
		B9A61A4B21B09C6000100CFC /* Build configuration list for PBXProject "Not HotDog" */ = {
			isa = XCConfigurationList;
			buildConfigurations = (
				B9A61A6021B09C6300100CFC /* Debug */,
				B9A61A6121B09C6300100CFC /* Release */,
			);
			defaultConfigurationIsVisible = 0;
			defaultConfigurationName = Release;
		};
		B9A61A6221B09C6300100CFC /* Build configuration list for PBXNativeTarget "Not HotDog" */ = {
			isa = XCConfigurationList;
			buildConfigurations = (
				B9A61A6321B09C6300100CFC /* Debug */,
				B9A61A6421B09C6300100CFC /* Release */,
			);
			defaultConfigurationIsVisible = 0;
			defaultConfigurationName = Release;
		};
/* End XCConfigurationList section */
	};
	rootObject = B9A61A4821B09C6000100CFC /* Project object */;
}
